
Microsoft Visual Studio Solution File, Format Version 12.00
# Visual Studio Version 17
VisualStudioVersion = 17.2.32526.322
MinimumVisualStudioVersion = 10.0.40219.1
Project("{9A19103F-16F7-4668-BE54-9A1E7A4F7556}") = "Part1", "Part1\Part1.csproj", "{247D690E-C1E0-4DBD-ABC9-C3AF9C43A8D8}"
EndProject
Project("{FAE04EC0-301F-11D3-BF4B-00C04F79EFBC}") = "Part2", "Part2\Part2.csproj", "{4AF9B10B-53F3-47FF-8D05-24BE68AEC356}"
EndProject
Global
	GlobalSection(SolutionConfigurationPlatforms) = preSolution
		Debug|Any CPU = Debug|Any CPU
		Release|Any CPU = Release|Any CPU
	EndGlobalSection
	GlobalSection(ProjectConfigurationPlatforms) = postSolution
		{247D690E-C1E0-4DBD-ABC9-C3AF9C43A8D8}.Debug|Any CPU.ActiveCfg = Debug|Any CPU
		{247D690E-C1E0-4DBD-ABC9-C3AF9C43A8D8}.Debug|Any CPU.Build.0 = Debug|Any CPU
		{247D690E-C1E0-4DBD-ABC9-C3AF9C43A8D8}.Release|Any CPU.ActiveCfg = Release|Any CPU
		{247D690E-C1E0-4DBD-ABC9-C3AF9C43A8D8}.Release|Any CPU.Build.0 = Release|Any CPU
		{4AF9B10B-53F3-47FF-8D05-24BE68AEC356}.Debug|Any CPU.ActiveCfg = Debug|Any CPU
		{4AF9B10B-53F3-47FF-8D05-24BE68AEC356}.Debug|Any CPU.Build.0 = Debug|Any CPU
		{4AF9B10B-53F3-47FF-8D05-24BE68AEC356}.Release|Any CPU.ActiveCfg = Release|Any CPU
		{4AF9B10B-53F3-47FF-8D05-24BE68AEC356}.Release|Any CPU.Build.0 = Release|Any CPU
	EndGlobalSection
	GlobalSection(SolutionProperties) = preSolution
		HideSolutionNode = FALSE
	EndGlobalSection
	GlobalSection(ExtensibilityGlobals) = postSolution
		SolutionGuid = {0176851E-FAF0-4EF5-974B-B273FFB8C591}
	EndGlobalSection
EndGlobal
